
Microsoft Visual Studio Solution File, Format Version 12.00
# Visual Studio Version 17
VisualStudioVersion = 17.11.35312.102
MinimumVisualStudioVersion = 10.0.40219.1
Project("{FAE04EC0-301F-11D3-BF4B-00C04F79EFBC}") = "MasJWT", "MasJWT\MasJWT.csproj", "{E22D107E-58E5-4C4E-AC90-5D6FAA0DDC0F}"
EndProject
Global
	GlobalSection(SolutionConfigurationPlatforms) = preSolution
		Debug|Any CPU = Debug|Any CPU
		Release|Any CPU = Release|Any CPU
	EndGlobalSection
	GlobalSection(ProjectConfigurationPlatforms) = postSolution
		{E22D107E-58E5-4C4E-AC90-5D6FAA0DDC0F}.Debug|Any CPU.ActiveCfg = Debug|Any CPU
		{E22D107E-58E5-4C4E-AC90-5D6FAA0DDC0F}.Debug|Any CPU.Build.0 = Debug|Any CPU
		{E22D107E-58E5-4C4E-AC90-5D6FAA0DDC0F}.Release|Any CPU.ActiveCfg = Release|Any CPU
		{E22D107E-58E5-4C4E-AC90-5D6FAA0DDC0F}.Release|Any CPU.Build.0 = Release|Any CPU
	EndGlobalSection
	GlobalSection(SolutionProperties) = preSolution
		HideSolutionNode = FALSE
	EndGlobalSection
	GlobalSection(ExtensibilityGlobals) = postSolution
		SolutionGuid = {402F366F-0506-4DFF-8F39-BFAF081AFB1E}
	EndGlobalSection
EndGlobal
