
Microsoft Visual Studio Solution File, Format Version 12.00
# Visual Studio Version 17
VisualStudioVersion = 17.11.35312.102
MinimumVisualStudioVersion = 10.0.40219.1
Project("{FAE04EC0-301F-11D3-BF4B-00C04F79EFBC}") = "MasMessenger24", "MasMessenger24\MasMessenger24.csproj", "{AA971D55-FD7E-46CE-A4A6-91244CD63B0F}"
EndProject
Global
	GlobalSection(SolutionConfigurationPlatforms) = preSolution
		Debug|Any CPU = Debug|Any CPU
		Release|Any CPU = Release|Any CPU
	EndGlobalSection
	GlobalSection(ProjectConfigurationPlatforms) = postSolution
		{AA971D55-FD7E-46CE-A4A6-91244CD63B0F}.Debug|Any CPU.ActiveCfg = Debug|Any CPU
		{AA971D55-FD7E-46CE-A4A6-91244CD63B0F}.Debug|Any CPU.Build.0 = Debug|Any CPU
		{AA971D55-FD7E-46CE-A4A6-91244CD63B0F}.Release|Any CPU.ActiveCfg = Release|Any CPU
		{AA971D55-FD7E-46CE-A4A6-91244CD63B0F}.Release|Any CPU.Build.0 = Release|Any CPU
	EndGlobalSection
	GlobalSection(SolutionProperties) = preSolution
		HideSolutionNode = FALSE
	EndGlobalSection
	GlobalSection(ExtensibilityGlobals) = postSolution
		SolutionGuid = {0305E73C-F92B-4EFF-B204-CE185F7979A6}
	EndGlobalSection
EndGlobal
